
Microsoft Visual Studio Solution File, Format Version 12.00
# Visual Studio Version 17
VisualStudioVersion = 17.7.34003.232
MinimumVisualStudioVersion = 10.0.40219.1
Project("{FAE04EC0-301F-11D3-BF4B-00C04F79EFBC}") = "PetAdminConnect.Shared", "PetAdminConnect.Shared\PetAdminConnect.Shared.csproj", "{A9A9F8EC-4FA0-421D-84F9-E1DBB39E8A10}"
EndProject
Project("{FAE04EC0-301F-11D3-BF4B-00C04F79EFBC}") = "PetAdminConnect.Frontend", "PetAdminConnect.Frontend\PetAdminConnect.Frontend.csproj", "{95A30C1F-EBBC-4DDD-9AC0-524448F3F6DB}"
EndProject
Project("{FAE04EC0-301F-11D3-BF4B-00C04F79EFBC}") = "PetAdminConnect.Backend", "PetAdminConnect.Backend\PetAdminConnect.Backend.csproj", "{0B491796-EC9D-4226-A88E-1B1A528E5C5F}"
EndProject
Global
	GlobalSection(SolutionConfigurationPlatforms) = preSolution
		Debug|Any CPU = Debug|Any CPU
		Release|Any CPU = Release|Any CPU
	EndGlobalSection
	GlobalSection(ProjectConfigurationPlatforms) = postSolution
		{A9A9F8EC-4FA0-421D-84F9-E1DBB39E8A10}.Debug|Any CPU.ActiveCfg = Debug|Any CPU
		{A9A9F8EC-4FA0-421D-84F9-E1DBB39E8A10}.Debug|Any CPU.Build.0 = Debug|Any CPU
		{A9A9F8EC-4FA0-421D-84F9-E1DBB39E8A10}.Release|Any CPU.ActiveCfg = Release|Any CPU
		{A9A9F8EC-4FA0-421D-84F9-E1DBB39E8A10}.Release|Any CPU.Build.0 = Release|Any CPU
		{95A30C1F-EBBC-4DDD-9AC0-524448F3F6DB}.Debug|Any CPU.ActiveCfg = Debug|Any CPU
		{95A30C1F-EBBC-4DDD-9AC0-524448F3F6DB}.Debug|Any CPU.Build.0 = Debug|Any CPU
		{95A30C1F-EBBC-4DDD-9AC0-524448F3F6DB}.Release|Any CPU.ActiveCfg = Release|Any CPU
		{95A30C1F-EBBC-4DDD-9AC0-524448F3F6DB}.Release|Any CPU.Build.0 = Release|Any CPU
		{0B491796-EC9D-4226-A88E-1B1A528E5C5F}.Debug|Any CPU.ActiveCfg = Debug|Any CPU
		{0B491796-EC9D-4226-A88E-1B1A528E5C5F}.Debug|Any CPU.Build.0 = Debug|Any CPU
		{0B491796-EC9D-4226-A88E-1B1A528E5C5F}.Release|Any CPU.ActiveCfg = Release|Any CPU
		{0B491796-EC9D-4226-A88E-1B1A528E5C5F}.Release|Any CPU.Build.0 = Release|Any CPU
	EndGlobalSection
	GlobalSection(SolutionProperties) = preSolution
		HideSolutionNode = FALSE
	EndGlobalSection
	GlobalSection(ExtensibilityGlobals) = postSolution
		SolutionGuid = {2F5EF672-B683-439C-95DB-C13C008BC694}
	EndGlobalSection
EndGlobal
